Microsoft Visual Studio Solution File, Format Version 11.00
# Visual Studio 2008

Project("{38087A07-8410-3D31-DDEF-58FCE0977F8A}") = "MatchThree2", "Assembly-CSharp.csproj", "{18ED95A4-420B-5C4A-3D4F-19A4C0AE758E}"
EndProject
Global
	GlobalSection(SolutionConfigurationPlatforms) = preSolution
		Debug|Any CPU = Debug|Any CPU
		Release|Any CPU = Release|Any CPU
	EndGlobalSection
	GlobalSection(ProjectConfigurationPlatforms) = postSolution
		{18ED95A4-420B-5C4A-3D4F-19A4C0AE758E}.Debug|Any CPU.ActiveCfg = Debug|Any CPU
		{18ED95A4-420B-5C4A-3D4F-19A4C0AE758E}.Debug|Any CPU.Build.0 = Debug|Any CPU
		{18ED95A4-420B-5C4A-3D4F-19A4C0AE758E}.Release|Any CPU.ActiveCfg = Release|Any CPU
		{18ED95A4-420B-5C4A-3D4F-19A4C0AE758E}.Release|Any CPU.Build.0 = Release|Any CPU
	EndGlobalSection
	GlobalSection(SolutionProperties) = preSolution
		HideSolutionNode = FALSE
	EndGlobalSection
		GlobalSection(MonoDevelopProperties) = preSolution
		StartupItem = Assembly-CSharp.csproj
		Policies = $0
		$0.TextStylePolicy = $1
		$1.inheritsSet = null
		$1.scope = text/x-csharp
		$0.CSharpFormattingPolicy = $2
		$2.inheritsSet = Mono
		$2.inheritsScope = text/x-csharp
		$2.scope = text/x-csharp
		$0.TextStylePolicy = $3
		$3.FileWidth = 120
		$3.TabWidth = 4
		$3.IndentWidth = 4
		$3.EolMarker = Unix
		$3.inheritsSet = Mono
		$3.inheritsScope = text/plain
		$3.scope = text/plain
	EndGlobalSection

EndGlobal
